
Microsoft Visual Studio Solution File, Format Version 12.00
# Visual Studio 2017
Project("{FAE04EC0-301F-11D3-BF4B-00C04F79EFBC}") = "Blink-Shooter", "Blink-Shooter.csproj", "{7A4100F7-0DB4-EAC0-D339-9885F2B2A294}"
EndProject
Global
	GlobalSection(SolutionConfigurationPlatforms) = preSolution
		Debug|Any CPU = Debug|Any CPU
		Release|Any CPU = Release|Any CPU
	EndGlobalSection
	GlobalSection(ProjectConfigurationPlatforms) = postSolution
		{7A4100F7-0DB4-EAC0-D339-9885F2B2A294}.Debug|Any CPU.ActiveCfg = Debug|Any CPU
		{7A4100F7-0DB4-EAC0-D339-9885F2B2A294}.Debug|Any CPU.Build.0 = Debug|Any CPU
		{7A4100F7-0DB4-EAC0-D339-9885F2B2A294}.Release|Any CPU.ActiveCfg = Release|Any CPU
		{7A4100F7-0DB4-EAC0-D339-9885F2B2A294}.Release|Any CPU.Build.0 = Release|Any CPU
	EndGlobalSection
	GlobalSection(SolutionProperties) = preSolution
		HideSolutionNode = FALSE
	EndGlobalSection
EndGlobal
